
Microsoft Visual Studio Solution File, Format Version 12.00
# Visual Studio Version 17
VisualStudioVersion = 17.4.33110.190
MinimumVisualStudioVersion = 10.0.40219.1
Project("{FAE04EC0-301F-11D3-BF4B-00C04F79EFBC}") = "simplePasswordGenerator", "simplePasswordGenerator.csproj", "{6DA564C8-C34F-4599-A986-C29D87F50ADE}"
EndProject
Global
	GlobalSection(SolutionConfigurationPlatforms) = preSolution
		Debug|Any CPU = Debug|Any CPU
		Release|Any CPU = Release|Any CPU
	EndGlobalSection
	GlobalSection(ProjectConfigurationPlatforms) = postSolution
		{6DA564C8-C34F-4599-A986-C29D87F50ADE}.Debug|Any CPU.ActiveCfg = Debug|Any CPU
		{6DA564C8-C34F-4599-A986-C29D87F50ADE}.Debug|Any CPU.Build.0 = Debug|Any CPU
		{6DA564C8-C34F-4599-A986-C29D87F50ADE}.Release|Any CPU.ActiveCfg = Release|Any CPU
		{6DA564C8-C34F-4599-A986-C29D87F50ADE}.Release|Any CPU.Build.0 = Release|Any CPU
	EndGlobalSection
	GlobalSection(SolutionProperties) = preSolution
		HideSolutionNode = FALSE
	EndGlobalSection
	GlobalSection(ExtensibilityGlobals) = postSolution
		SolutionGuid = {A4C02A83-C1EB-479A-BBCF-228F203ABAF3}
	EndGlobalSection
EndGlobal
